
Microsoft Visual Studio Solution File, Format Version 12.00
# Visual Studio Version 17
VisualStudioVersion = 17.11.35219.272
MinimumVisualStudioVersion = 10.0.40219.1
Project("{888888A0-9F3D-457C-B088-3A5042F75D52}") = "Needless Recursion", "Needless Recursion.pyproj", "{6EE297C3-1A46-4DBF-B675-3D36AE9655F4}"
EndProject
Global
	GlobalSection(SolutionConfigurationPlatforms) = preSolution
		Debug|Any CPU = Debug|Any CPU
		Release|Any CPU = Release|Any CPU
	EndGlobalSection
	GlobalSection(ProjectConfigurationPlatforms) = postSolution
		{6EE297C3-1A46-4DBF-B675-3D36AE9655F4}.Debug|Any CPU.ActiveCfg = Debug|Any CPU
		{6EE297C3-1A46-4DBF-B675-3D36AE9655F4}.Release|Any CPU.ActiveCfg = Release|Any CPU
	EndGlobalSection
	GlobalSection(SolutionProperties) = preSolution
		HideSolutionNode = FALSE
	EndGlobalSection
	GlobalSection(ExtensibilityGlobals) = postSolution
		SolutionGuid = {596E043E-F6E2-4AD2-9B70-1343E58D0D20}
	EndGlobalSection
EndGlobal
